
Microsoft Visual Studio Solution File, Format Version 12.00
Project("{FAE04EC0-301F-11D3-BF4B-00C04F79EFBC}") = "AuctionApp_dissysLabb2", "AuctionApp_dissysLabb2\AuctionApp_dissysLabb2.csproj", "{47836D68-6C56-418D-A3F8-713086DBBCCB}"
EndProject
Global
	GlobalSection(SolutionConfigurationPlatforms) = preSolution
		Debug|Any CPU = Debug|Any CPU
		Release|Any CPU = Release|Any CPU
	EndGlobalSection
	GlobalSection(ProjectConfigurationPlatforms) = postSolution
		{47836D68-6C56-418D-A3F8-713086DBBCCB}.Debug|Any CPU.ActiveCfg = Debug|Any CPU
		{47836D68-6C56-418D-A3F8-713086DBBCCB}.Debug|Any CPU.Build.0 = Debug|Any CPU
		{47836D68-6C56-418D-A3F8-713086DBBCCB}.Release|Any CPU.ActiveCfg = Release|Any CPU
		{47836D68-6C56-418D-A3F8-713086DBBCCB}.Release|Any CPU.Build.0 = Release|Any CPU
	EndGlobalSection
EndGlobal
